// !$*UTF8*$!
{
	archiveVersion = 1;
	classes = {
	};
	objectVersion = 56;
	objects = {

/* Begin PBXBuildFile section */
		0E04EB972B83720300215C70 /* FeedCell.swift in Sources */ = {isa = PBXBuildFile; fileRef = 0E04EB962B83720300215C70 /* FeedCell.swift */; };
		0E04EB992B8378A600215C70 /* Extensions.swift in Sources */ = {isa = PBXBuildFile; fileRef = 0E04EB982B8378A600215C70 /* Extensions.swift */; };
		0E4A656E2B8C8E5D00A2A51E /* CommentController.swift in Sources */ = {isa = PBXBuildFile; fileRef = 0E4A656D2B8C8E5D00A2A51E /* CommentController.swift */; };
		0E4A65702B8C92BB00A2A51E /* CommentCell.swift in Sources */ = {isa = PBXBuildFile; fileRef = 0E4A656F2B8C92BB00A2A51E /* CommentCell.swift */; };
		0E4A65722B8CC8FE00A2A51E /* CommentInputAccesoryView.swift in Sources */ = {isa = PBXBuildFile; fileRef = 0E4A65712B8CC8FE00A2A51E /* CommentInputAccesoryView.swift */; };
		0E4A65742B8CDE4900A2A51E /* CommentService.swift in Sources */ = {isa = PBXBuildFile; fileRef = 0E4A65732B8CDE4900A2A51E /* CommentService.swift */; };
		0E4A65762B8CE28100A2A51E /* Comment.swift in Sources */ = {isa = PBXBuildFile; fileRef = 0E4A65752B8CE28100A2A51E /* Comment.swift */; };
		0E4A65782B8CE9B700A2A51E /* CommentViewModel.swift in Sources */ = {isa = PBXBuildFile; fileRef = 0E4A65772B8CE9B700A2A51E /* CommentViewModel.swift */; };
		0E59EC9F2B84FC5100A58897 /* ImageUploader.swift in Sources */ = {isa = PBXBuildFile; fileRef = 0E59EC9E2B84FC5100A58897 /* ImageUploader.swift */; };
		0E59ECA12B84FC6000A58897 /* AuthService.swift in Sources */ = {isa = PBXBuildFile; fileRef = 0E59ECA02B84FC6000A58897 /* AuthService.swift */; };
		0E59ECA32B85289F00A58897 /* ProfileCell.swift in Sources */ = {isa = PBXBuildFile; fileRef = 0E59ECA22B85289F00A58897 /* ProfileCell.swift */; };
		0E59ECA52B8528B300A58897 /* ProfileHeader.swift in Sources */ = {isa = PBXBuildFile; fileRef = 0E59ECA42B8528B300A58897 /* ProfileHeader.swift */; };
		0E59ECA82B85389F00A58897 /* GoogleService-Info.plist in Resources */ = {isa = PBXBuildFile; fileRef = 0E59ECA72B85389F00A58897 /* GoogleService-Info.plist */; };
		0E5A3BB32B83C34D0099FA4E /* LoginController.swift in Sources */ = {isa = PBXBuildFile; fileRef = 0E5A3BB22B83C34D0099FA4E /* LoginController.swift */; };
		0E5A3BB52B83C35F0099FA4E /* RegistrationController.swift in Sources */ = {isa = PBXBuildFile; fileRef = 0E5A3BB42B83C35F0099FA4E /* RegistrationController.swift */; };
		0E5A3BB72B83F9610099FA4E /* CustomTextField.swift in Sources */ = {isa = PBXBuildFile; fileRef = 0E5A3BB62B83F9610099FA4E /* CustomTextField.swift */; };
		0E947D742B88DCFF00B5070C /* UploadPostController.swift in Sources */ = {isa = PBXBuildFile; fileRef = 0E947D732B88DCFF00B5070C /* UploadPostController.swift */; };
		0E947D762B88E1D500B5070C /* InputTextView.swift in Sources */ = {isa = PBXBuildFile; fileRef = 0E947D752B88E1D500B5070C /* InputTextView.swift */; };
		0E947D782B88F51A00B5070C /* PostService.swift in Sources */ = {isa = PBXBuildFile; fileRef = 0E947D772B88F51A00B5070C /* PostService.swift */; };
		0E947D7A2B89065800B5070C /* Post.swift in Sources */ = {isa = PBXBuildFile; fileRef = 0E947D792B89065800B5070C /* Post.swift */; };
		0E947D7C2B89098A00B5070C /* PostViewModel.swift in Sources */ = {isa = PBXBuildFile; fileRef = 0E947D7B2B89098A00B5070C /* PostViewModel.swift */; };
		0E95E2E32B85F6B200765401 /* UserService.swift in Sources */ = {isa = PBXBuildFile; fileRef = 0E95E2E22B85F6B200765401 /* UserService.swift */; };
		0E95E2E52B85F71600765401 /* Constants.swift in Sources */ = {isa = PBXBuildFile; fileRef = 0E95E2E42B85F71600765401 /* Constants.swift */; };
		0E95E2E72B86048B00765401 /* User.swift in Sources */ = {isa = PBXBuildFile; fileRef = 0E95E2E62B86048B00765401 /* User.swift */; };
		0E95E2E92B86084100765401 /* ProfileHeaderViewModel.swift in Sources */ = {isa = PBXBuildFile; fileRef = 0E95E2E82B86084100765401 /* ProfileHeaderViewModel.swift */; };
		0E95E2EB2B861CEB00765401 /* UserCell.swift in Sources */ = {isa = PBXBuildFile; fileRef = 0E95E2EA2B861CEB00765401 /* UserCell.swift */; };
		0E95E2ED2B863A1B00765401 /* UserCellViewModel.swift in Sources */ = {isa = PBXBuildFile; fileRef = 0E95E2EC2B863A1B00765401 /* UserCellViewModel.swift */; };
		0E9E83652B8F698C00B79AD7 /* ResetPasswordContorller.swift in Sources */ = {isa = PBXBuildFile; fileRef = 0E9E83642B8F698C00B79AD7 /* ResetPasswordContorller.swift */; };
		0EA295CF2B84C70B0037EDA2 /* AuthentificationViewModel.swift in Sources */ = {isa = PBXBuildFile; fileRef = 0EA295CE2B84C70B0037EDA2 /* AuthentificationViewModel.swift */; };
		0ED31EA02B8DE9BA00CBFA41 /* NotificationCell.swift in Sources */ = {isa = PBXBuildFile; fileRef = 0ED31E9F2B8DE9BA00CBFA41 /* NotificationCell.swift */; };
		0ED31EA22B8DF5C900CBFA41 /* Notification.swift in Sources */ = {isa = PBXBuildFile; fileRef = 0ED31EA12B8DF5C900CBFA41 /* Notification.swift */; };
		0ED31EA42B8DF93500CBFA41 /* NotificationService.swift in Sources */ = {isa = PBXBuildFile; fileRef = 0ED31EA32B8DF93500CBFA41 /* NotificationService.swift */; };
		0ED31EA62B8E089F00CBFA41 /* NotificationViewModel.swift in Sources */ = {isa = PBXBuildFile; fileRef = 0ED31EA52B8E089F00CBFA41 /* NotificationViewModel.swift */; };
		0EE8F6352B829C6300E9435C /* AppDelegate.swift in Sources */ = {isa = PBXBuildFile; fileRef = 0EE8F6342B829C6300E9435C /* AppDelegate.swift */; };
		0EE8F6372B829C6300E9435C /* SceneDelegate.swift in Sources */ = {isa = PBXBuildFile; fileRef = 0EE8F6362B829C6300E9435C /* SceneDelegate.swift */; };
		0EE8F6392B829C6300E9435C /* ViewController.swift in Sources */ = {isa = PBXBuildFile; fileRef = 0EE8F6382B829C6300E9435C /* ViewController.swift */; };
		0EE8F63C2B829C6300E9435C /* Main.storyboard in Resources */ = {isa = PBXBuildFile; fileRef = 0EE8F63A2B829C6300E9435C /* Main.storyboard */; };
		0EE8F63E2B829C6400E9435C /* Assets.xcassets in Resources */ = {isa = PBXBuildFile; fileRef = 0EE8F63D2B829C6400E9435C /* Assets.xcassets */; };
		0EE8F6412B829C6400E9435C /* LaunchScreen.storyboard in Resources */ = {isa = PBXBuildFile; fileRef = 0EE8F63F2B829C6400E9435C /* LaunchScreen.storyboard */; };
		0EE8F6532B829DC100E9435C /* MainTabController.swift in Sources */ = {isa = PBXBuildFile; fileRef = 0EE8F6522B829DC100E9435C /* MainTabController.swift */; };
		0EE8F6552B829F3E00E9435C /* FeedController.swift in Sources */ = {isa = PBXBuildFile; fileRef = 0EE8F6542B829F3E00E9435C /* FeedController.swift */; };
		0EE8F6572B829F4D00E9435C /* SearchController.swift in Sources */ = {isa = PBXBuildFile; fileRef = 0EE8F6562B829F4D00E9435C /* SearchController.swift */; };
		0EE8F6592B829F5D00E9435C /* ImageSelectorController.swift in Sources */ = {isa = PBXBuildFile; fileRef = 0EE8F6582B829F5D00E9435C /* ImageSelectorController.swift */; };
		0EE8F65B2B829F6C00E9435C /* NotificationController.swift in Sources */ = {isa = PBXBuildFile; fileRef = 0EE8F65A2B829F6C00E9435C /* NotificationController.swift */; };
		0EE8F65D2B829F7700E9435C /* ProfileController.swift in Sources */ = {isa = PBXBuildFile; fileRef = 0EE8F65C2B829F7700E9435C /* ProfileController.swift */; };
		E474F00380B74958B28B7F26 /* Pods_Instagram.framework in Frameworks */ = {isa = PBXBuildFile; fileRef = EAF2ED8A954030CC00BC56F1 /* Pods_Instagram.framework */; };
/* End PBXBuildFile section */

/* Begin PBXFileReference section */
		025F5C159791DF788861BC5D /* Pods-Instagram.release.xcconfig */ = {isa = PBXFileReference; includeInIndex = 1; lastKnownFileType = text.xcconfig; name = "Pods-Instagram.release.xcconfig"; path = "Target Support Files/Pods-Instagram/Pods-Instagram.release.xcconfig"; sourceTree = "<group>"; };
		0E04EB962B83720300215C70 /* FeedCell.swift */ = {isa = PBXFileReference; lastKnownFileType = sourcecode.swift; path = FeedCell.swift; sourceTree = "<group>"; };
		0E04EB982B8378A600215C70 /* Extensions.swift */ = {isa = PBXFileReference; lastKnownFileType = sourcecode.swift; path = Extensions.swift; sourceTree = "<group>"; };
		0E4A656D2B8C8E5D00A2A51E /* CommentController.swift */ = {isa = PBXFileReference; lastKnownFileType = sourcecode.swift; path = CommentController.swift; sourceTree = "<group>"; };
		0E4A656F2B8C92BB00A2A51E /* CommentCell.swift */ = {isa = PBXFileReference; lastKnownFileType = sourcecode.swift; path = CommentCell.swift; sourceTree = "<group>"; };
		0E4A65712B8CC8FE00A2A51E /* CommentInputAccesoryView.swift */ = {isa = PBXFileReference; lastKnownFileType = sourcecode.swift; path = CommentInputAccesoryView.swift; sourceTree = "<group>"; };
		0E4A65732B8CDE4900A2A51E /* CommentService.swift */ = {isa = PBXFileReference; lastKnownFileType = sourcecode.swift; path = CommentService.swift; sourceTree = "<group>"; };
		0E4A65752B8CE28100A2A51E /* Comment.swift */ = {isa = PBXFileReference; lastKnownFileType = sourcecode.swift; path = Comment.swift; sourceTree = "<group>"; };
		0E4A65772B8CE9B700A2A51E /* CommentViewModel.swift */ = {isa = PBXFileReference; lastKnownFileType = sourcecode.swift; path = CommentViewModel.swift; sourceTree = "<group>"; };
		0E59EC9E2B84FC5100A58897 /* ImageUploader.swift */ = {isa = PBXFileReference; lastKnownFileType = sourcecode.swift; path = ImageUploader.swift; sourceTree = "<group>"; };
		0E59ECA02B84FC6000A58897 /* AuthService.swift */ = {isa = PBXFileReference; lastKnownFileType = sourcecode.swift; path = AuthService.swift; sourceTree = "<group>"; };
		0E59ECA22B85289F00A58897 /* ProfileCell.swift */ = {isa = PBXFileReference; lastKnownFileType = sourcecode.swift; path = ProfileCell.swift; sourceTree = "<group>"; };
		0E59ECA42B8528B300A58897 /* ProfileHeader.swift */ = {isa = PBXFileReference; lastKnownFileType = sourcecode.swift; path = ProfileHeader.swift; sourceTree = "<group>"; };
		0E59ECA72B85389F00A58897 /* GoogleService-Info.plist */ = {isa = PBXFileReference; fileEncoding = 4; lastKnownFileType = text.plist.xml; path = "GoogleService-Info.plist"; sourceTree = "<group>"; };
		0E5A3BB22B83C34D0099FA4E /* LoginController.swift */ = {isa = PBXFileReference; lastKnownFileType = sourcecode.swift; path = LoginController.swift; sourceTree = "<group>"; };
		0E5A3BB42B83C35F0099FA4E /* RegistrationController.swift */ = {isa = PBXFileReference; lastKnownFileType = sourcecode.swift; path = RegistrationController.swift; sourceTree = "<group>"; };
		0E5A3BB62B83F9610099FA4E /* CustomTextField.swift */ = {isa = PBXFileReference; lastKnownFileType = sourcecode.swift; path = CustomTextField.swift; sourceTree = "<group>"; };
		0E947D732B88DCFF00B5070C /* UploadPostController.swift */ = {isa = PBXFileReference; lastKnownFileType = sourcecode.swift; path = UploadPostController.swift; sourceTree = "<group>"; };
		0E947D752B88E1D500B5070C /* InputTextView.swift */ = {isa = PBXFileReference; lastKnownFileType = sourcecode.swift; path = InputTextView.swift; sourceTree = "<group>"; };
		0E947D772B88F51A00B5070C /* PostService.swift */ = {isa = PBXFileReference; lastKnownFileType = sourcecode.swift; path = PostService.swift; sourceTree = "<group>"; };
		0E947D792B89065800B5070C /* Post.swift */ = {isa = PBXFileReference; lastKnownFileType = sourcecode.swift; path = Post.swift; sourceTree = "<group>"; };
		0E947D7B2B89098A00B5070C /* PostViewModel.swift */ = {isa = PBXFileReference; lastKnownFileType = sourcecode.swift; path = PostViewModel.swift; sourceTree = "<group>"; };
		0E95E2E22B85F6B200765401 /* UserService.swift */ = {isa = PBXFileReference; lastKnownFileType = sourcecode.swift; path = UserService.swift; sourceTree = "<group>"; };
		0E95E2E42B85F71600765401 /* Constants.swift */ = {isa = PBXFileReference; lastKnownFileType = sourcecode.swift; path = Constants.swift; sourceTree = "<group>"; };
		0E95E2E62B86048B00765401 /* User.swift */ = {isa = PBXFileReference; lastKnownFileType = sourcecode.swift; path = User.swift; sourceTree = "<group>"; };
		0E95E2E82B86084100765401 /* ProfileHeaderViewModel.swift */ = {isa = PBXFileReference; lastKnownFileType = sourcecode.swift; path = ProfileHeaderViewModel.swift; sourceTree = "<group>"; };
		0E95E2EA2B861CEB00765401 /* UserCell.swift */ = {isa = PBXFileReference; lastKnownFileType = sourcecode.swift; path = UserCell.swift; sourceTree = "<group>"; };
		0E95E2EC2B863A1B00765401 /* UserCellViewModel.swift */ = {isa = PBXFileReference; lastKnownFileType = sourcecode.swift; path = UserCellViewModel.swift; sourceTree = "<group>"; };
		0E9E83642B8F698C00B79AD7 /* ResetPasswordContorller.swift */ = {isa = PBXFileReference; lastKnownFileType = sourcecode.swift; path = ResetPasswordContorller.swift; sourceTree = "<group>"; };
		0EA295CE2B84C70B0037EDA2 /* AuthentificationViewModel.swift */ = {isa = PBXFileReference; lastKnownFileType = sourcecode.swift; path = AuthentificationViewModel.swift; sourceTree = "<group>"; };
		0ED31E9F2B8DE9BA00CBFA41 /* NotificationCell.swift */ = {isa = PBXFileReference; lastKnownFileType = sourcecode.swift; path = NotificationCell.swift; sourceTree = "<group>"; };
		0ED31EA12B8DF5C900CBFA41 /* Notification.swift */ = {isa = PBXFileReference; lastKnownFileType = sourcecode.swift; path = Notification.swift; sourceTree = "<group>"; };
		0ED31EA32B8DF93500CBFA41 /* NotificationService.swift */ = {isa = PBXFileReference; lastKnownFileType = sourcecode.swift; path = NotificationService.swift; sourceTree = "<group>"; };
		0ED31EA52B8E089F00CBFA41 /* NotificationViewModel.swift */ = {isa = PBXFileReference; lastKnownFileType = sourcecode.swift; path = NotificationViewModel.swift; sourceTree = "<group>"; };
		0EE8F6312B829C6300E9435C /* Instagram.app */ = {isa = PBXFileReference; explicitFileType = wrapper.application; includeInIndex = 0; path = Instagram.app; sourceTree = BUILT_PRODUCTS_DIR; };
		0EE8F6342B829C6300E9435C /* AppDelegate.swift */ = {isa = PBXFileReference; lastKnownFileType = sourcecode.swift; path = AppDelegate.swift; sourceTree = "<group>"; };
		0EE8F6362B829C6300E9435C /* SceneDelegate.swift */ = {isa = PBXFileReference; lastKnownFileType = sourcecode.swift; path = SceneDelegate.swift; sourceTree = "<group>"; };
		0EE8F6382B829C6300E9435C /* ViewController.swift */ = {isa = PBXFileReference; lastKnownFileType = sourcecode.swift; path = ViewController.swift; sourceTree = "<group>"; };
		0EE8F63B2B829C6300E9435C /* Base */ = {isa = PBXFileReference; lastKnownFileType = file.storyboard; name = Base; path = Base.lproj/Main.storyboard; sourceTree = "<group>"; };
		0EE8F63D2B829C6400E9435C /* Assets.xcassets */ = {isa = PBXFileReference; lastKnownFileType = folder.assetcatalog; path = Assets.xcassets; sourceTree = "<group>"; };
		0EE8F6402B829C6400E9435C /* Base */ = {isa = PBXFileReference; lastKnownFileType = file.storyboard; name = Base; path = Base.lproj/LaunchScreen.storyboard; sourceTree = "<group>"; };
		0EE8F6422B829C6400E9435C /* Info.plist */ = {isa = PBXFileReference; lastKnownFileType = text.plist.xml; path = Info.plist; sourceTree = "<group>"; };
		0EE8F6522B829DC100E9435C /* MainTabController.swift */ = {isa = PBXFileReference; lastKnownFileType = sourcecode.swift; path = MainTabController.swift; sourceTree = "<group>"; };
		0EE8F6542B829F3E00E9435C /* FeedController.swift */ = {isa = PBXFileReference; lastKnownFileType = sourcecode.swift; path = FeedController.swift; sourceTree = "<group>"; };
		0EE8F6562B829F4D00E9435C /* SearchController.swift */ = {isa = PBXFileReference; lastKnownFileType = sourcecode.swift; path = SearchController.swift; sourceTree = "<group>"; };
		0EE8F6582B829F5D00E9435C /* ImageSelectorController.swift */ = {isa = PBXFileReference; lastKnownFileType = sourcecode.swift; path = ImageSelectorController.swift; sourceTree = "<group>"; };
		0EE8F65A2B829F6C00E9435C /* NotificationController.swift */ = {isa = PBXFileReference; lastKnownFileType = sourcecode.swift; path = NotificationController.swift; sourceTree = "<group>"; };
		0EE8F65C2B829F7700E9435C /* ProfileController.swift */ = {isa = PBXFileReference; lastKnownFileType = sourcecode.swift; path = ProfileController.swift; sourceTree = "<group>"; };
		8AE335C7FD8F94453CC85C70 /* Pods-Instagram.debug.xcconfig */ = {isa = PBXFileReference; includeInIndex = 1; lastKnownFileType = text.xcconfig; name = "Pods-Instagram.debug.xcconfig"; path = "Target Support Files/Pods-Instagram/Pods-Instagram.debug.xcconfig"; sourceTree = "<group>"; };
		EAF2ED8A954030CC00BC56F1 /* Pods_Instagram.framework */ = {isa = PBXFileReference; explicitFileType = wrapper.framework; includeInIndex = 0; path = Pods_Instagram.framework; sourceTree = BUILT_PRODUCTS_DIR; };
/* End PBXFileReference section */

/* Begin PBXFrameworksBuildPhase section */
		0EE8F62E2B829C6300E9435C /* Frameworks */ = {
			isa = PBXFrameworksBuildPhase;
			buildActionMask = 2147483647;
			files = (
				E474F00380B74958B28B7F26 /* Pods_Instagram.framework in Frameworks */,
			);
			runOnlyForDeploymentPostprocessing = 0;
		};
/* End PBXFrameworksBuildPhase section */

/* Begin PBXGroup section */
		0E59ECA62B8528BE00A58897 /* Profile */ = {
			isa = PBXGroup;
			children = (
				0E59ECA22B85289F00A58897 /* ProfileCell.swift */,
				0E59ECA42B8528B300A58897 /* ProfileHeader.swift */,
			);
			path = Profile;
			sourceTree = "<group>";
		};
		0E5A3BB12B83C3300099FA4E /* Authentification */ = {
			isa = PBXGroup;
			children = (
				0E5A3BB22B83C34D0099FA4E /* LoginController.swift */,
				0E5A3BB42B83C35F0099FA4E /* RegistrationController.swift */,
				0E9E83642B8F698C00B79AD7 /* ResetPasswordContorller.swift */,
			);
			path = Authentification;
			sourceTree = "<group>";
		};
		0EE8F6282B829C6300E9435C = {
			isa = PBXGroup;
			children = (
				0EE8F6332B829C6300E9435C /* Instagram */,
				0EE8F6322B829C6300E9435C /* Products */,
				35BD650BE13F129E9A63C117 /* Pods */,
				DA2C9706D90225380DBB0BC4 /* Frameworks */,
			);
			sourceTree = "<group>";
		};
		0EE8F6322B829C6300E9435C /* Products */ = {
			isa = PBXGroup;
			children = (
				0EE8F6312B829C6300E9435C /* Instagram.app */,
			);
			name = Products;
			sourceTree = "<group>";
		};
		0EE8F6332B829C6300E9435C /* Instagram */ = {
			isa = PBXGroup;
			children = (
				0EE8F64D2B829CD000E9435C /* Model */,
				0EE8F6482B829CAF00E9435C /* View */,
				0EE8F64E2B829D1A00E9435C /* ViewModel */,
				0EE8F64F2B829D2C00E9435C /* Controller */,
				0EE8F6502B829D3D00E9435C /* API */,
				0EE8F6512B829D4600E9435C /* Utils */,
				0EE8F6342B829C6300E9435C /* AppDelegate.swift */,
				0EE8F6362B829C6300E9435C /* SceneDelegate.swift */,
				0EE8F6382B829C6300E9435C /* ViewController.swift */,
				0EE8F63A2B829C6300E9435C /* Main.storyboard */,
				0EE8F63D2B829C6400E9435C /* Assets.xcassets */,
				0EE8F63F2B829C6400E9435C /* LaunchScreen.storyboard */,
				0EE8F6422B829C6400E9435C /* Info.plist */,
				0E59ECA72B85389F00A58897 /* GoogleService-Info.plist */,
			);
			path = Instagram;
			sourceTree = "<group>";
		};
		0EE8F6482B829CAF00E9435C /* View */ = {
			isa = PBXGroup;
			children = (
				0E59ECA62B8528BE00A58897 /* Profile */,
				0E04EB962B83720300215C70 /* FeedCell.swift */,
				0E5A3BB62B83F9610099FA4E /* CustomTextField.swift */,
				0E95E2EA2B861CEB00765401 /* UserCell.swift */,
				0E4A656F2B8C92BB00A2A51E /* CommentCell.swift */,
				0E4A65712B8CC8FE00A2A51E /* CommentInputAccesoryView.swift */,
				0ED31E9F2B8DE9BA00CBFA41 /* NotificationCell.swift */,
			);
			path = View;
			sourceTree = "<group>";
		};
		0EE8F64D2B829CD000E9435C /* Model */ = {
			isa = PBXGroup;
			children = (
				0E95E2E62B86048B00765401 /* User.swift */,
				0E947D792B89065800B5070C /* Post.swift */,
				0E4A65752B8CE28100A2A51E /* Comment.swift */,
				0ED31EA12B8DF5C900CBFA41 /* Notification.swift */,
			);
			path = Model;
			sourceTree = "<group>";
		};
		0EE8F64E2B829D1A00E9435C /* ViewModel */ = {
			isa = PBXGroup;
			children = (
				0EA295CE2B84C70B0037EDA2 /* AuthentificationViewModel.swift */,
				0E95E2E82B86084100765401 /* ProfileHeaderViewModel.swift */,
				0E95E2EC2B863A1B00765401 /* UserCellViewModel.swift */,
				0E947D7B2B89098A00B5070C /* PostViewModel.swift */,
				0E4A65772B8CE9B700A2A51E /* CommentViewModel.swift */,
				0ED31EA52B8E089F00CBFA41 /* NotificationViewModel.swift */,
			);
			path = ViewModel;
			sourceTree = "<group>";
		};
		0EE8F64F2B829D2C00E9435C /* Controller */ = {
			isa = PBXGroup;
			children = (
				0E5A3BB12B83C3300099FA4E /* Authentification */,
				0EE8F6522B829DC100E9435C /* MainTabController.swift */,
				0EE8F6542B829F3E00E9435C /* FeedController.swift */,
				0EE8F6562B829F4D00E9435C /* SearchController.swift */,
				0EE8F6582B829F5D00E9435C /* ImageSelectorController.swift */,
				0EE8F65A2B829F6C00E9435C /* NotificationController.swift */,
				0EE8F65C2B829F7700E9435C /* ProfileController.swift */,
				0E947D732B88DCFF00B5070C /* UploadPostController.swift */,
				0E4A656D2B8C8E5D00A2A51E /* CommentController.swift */,
			);
			path = Controller;
			sourceTree = "<group>";
		};
		0EE8F6502B829D3D00E9435C /* API */ = {
			isa = PBXGroup;
			children = (
				0E59EC9E2B84FC5100A58897 /* ImageUploader.swift */,
				0E59ECA02B84FC6000A58897 /* AuthService.swift */,
				0E95E2E22B85F6B200765401 /* UserService.swift */,
				0E947D772B88F51A00B5070C /* PostService.swift */,
				0E4A65732B8CDE4900A2A51E /* CommentService.swift */,
				0ED31EA32B8DF93500CBFA41 /* NotificationService.swift */,
			);
			path = API;
			sourceTree = "<group>";
		};
		0EE8F6512B829D4600E9435C /* Utils */ = {
			isa = PBXGroup;
			children = (
				0E04EB982B8378A600215C70 /* Extensions.swift */,
				0E95E2E42B85F71600765401 /* Constants.swift */,
				0E947D752B88E1D500B5070C /* InputTextView.swift */,
			);
			path = Utils;
			sourceTree = "<group>";
		};
		35BD650BE13F129E9A63C117 /* Pods */ = {
			isa = PBXGroup;
			children = (
				8AE335C7FD8F94453CC85C70 /* Pods-Instagram.debug.xcconfig */,
				025F5C159791DF788861BC5D /* Pods-Instagram.release.xcconfig */,
			);
			path = Pods;
			sourceTree = "<group>";
		};
		DA2C9706D90225380DBB0BC4 /* Frameworks */ = {
			isa = PBXGroup;
			children = (
				EAF2ED8A954030CC00BC56F1 /* Pods_Instagram.framework */,
			);
			name = Frameworks;
			sourceTree = "<group>";
		};
/* End PBXGroup section */

/* Begin PBXNativeTarget section */
		0EE8F6302B829C6300E9435C /* Instagram */ = {
			isa = PBXNativeTarget;
			buildConfigurationList = 0EE8F6452B829C6400E9435C /* Build configuration list for PBXNativeTarget "Instagram" */;
			buildPhases = (
				C20ECE01ED104736D7BC9A43 /* [CP] Check Pods Manifest.lock */,
				0EE8F62D2B829C6300E9435C /* Sources */,
				0EE8F62E2B829C6300E9435C /* Frameworks */,
				0EE8F62F2B829C6300E9435C /* Resources */,
				885202A0AFA7AFCADFCCD637 /* [CP] Embed Pods Frameworks */,
			);
			buildRules = (
			);
			dependencies = (
			);
			name = Instagram;
			productName = Instagram;
			productReference = 0EE8F6312B829C6300E9435C /* Instagram.app */;
			productType = "com.apple.product-type.application";
		};
/* End PBXNativeTarget section */

/* Begin PBXProject section */
		0EE8F6292B829C6300E9435C /* Project object */ = {
			isa = PBXProject;
			attributes = {
				BuildIndependentTargetsInParallel = 1;
				LastSwiftUpdateCheck = 1420;
				LastUpgradeCheck = 1420;
				TargetAttributes = {
					0EE8F6302B829C6300E9435C = {
						CreatedOnToolsVersion = 14.2;
					};
				};
			};
			buildConfigurationList = 0EE8F62C2B829C6300E9435C /* Build configuration list for PBXProject "Instagram" */;
			compatibilityVersion = "Xcode 14.0";
			developmentRegion = en;
			hasScannedForEncodings = 0;
			knownRegions = (
				en,
				Base,
			);
			mainGroup = 0EE8F6282B829C6300E9435C;
			productRefGroup = 0EE8F6322B829C6300E9435C /* Products */;
			projectDirPath = "";
			projectRoot = "";
			targets = (
				0EE8F6302B829C6300E9435C /* Instagram */,
			);
		};
/* End PBXProject section */

/* Begin PBXResourcesBuildPhase section */
		0EE8F62F2B829C6300E9435C /* Resources */ = {
			isa = PBXResourcesBuildPhase;
			buildActionMask = 2147483647;
			files = (
				0EE8F6412B829C6400E9435C /* LaunchScreen.storyboard in Resources */,
				0E59ECA82B85389F00A58897 /* GoogleService-Info.plist in Resources */,
				0EE8F63E2B829C6400E9435C /* Assets.xcassets in Resources */,
				0EE8F63C2B829C6300E9435C /* Main.storyboard in Resources */,
			);
			runOnlyForDeploymentPostprocessing = 0;
		};
/* End PBXResourcesBuildPhase section */

/* Begin PBXShellScriptBuildPhase section */
		885202A0AFA7AFCADFCCD637 /* [CP] Embed Pods Frameworks */ = {
			isa = PBXShellScriptBuildPhase;
			buildActionMask = 2147483647;
			files = (
			);
			inputFileListPaths = (
				"${PODS_ROOT}/Target Support Files/Pods-Instagram/Pods-Instagram-frameworks-${CONFIGURATION}-input-files.xcfilelist",
			);
			name = "[CP] Embed Pods Frameworks";
			outputFileListPaths = (
				"${PODS_ROOT}/Target Support Files/Pods-Instagram/Pods-Instagram-frameworks-${CONFIGURATION}-output-files.xcfilelist",
			);
			runOnlyForDeploymentPostprocessing = 0;
			shellPath = /bin/sh;
			shellScript = "\"${PODS_ROOT}/Target Support Files/Pods-Instagram/Pods-Instagram-frameworks.sh\"\n";
			showEnvVarsInLog = 0;
		};
		C20ECE01ED104736D7BC9A43 /* [CP] Check Pods Manifest.lock */ = {
			isa = PBXShellScriptBuildPhase;
			buildActionMask = 2147483647;
			files = (
			);
			inputFileListPaths = (
			);
			inputPaths = (
				"${PODS_PODFILE_DIR_PATH}/Podfile.lock",
				"${PODS_ROOT}/Manifest.lock",
			);
			name = "[CP] Check Pods Manifest.lock";
			outputFileListPaths = (
			);
			outputPaths = (
				"$(DERIVED_FILE_DIR)/Pods-Instagram-checkManifestLockResult.txt",
			);
			runOnlyForDeploymentPostprocessing = 0;
			shellPath = /bin/sh;
			shellScript = "diff \"${PODS_PODFILE_DIR_PATH}/Podfile.lock\" \"${PODS_ROOT}/Manifest.lock\" > /dev/null\nif [ $? != 0 ] ; then\n    # print error to STDERR\n    echo \"error: The sandbox is not in sync with the Podfile.lock. Run 'pod install' or update your CocoaPods installation.\" >&2\n    exit 1\nfi\n# This output is used by Xcode 'outputs' to avoid re-running this script phase.\necho \"SUCCESS\" > \"${SCRIPT_OUTPUT_FILE_0}\"\n";
			showEnvVarsInLog = 0;
		};
/* End PBXShellScriptBuildPhase section */

/* Begin PBXSourcesBuildPhase section */
		0EE8F62D2B829C6300E9435C /* Sources */ = {
			isa = PBXSourcesBuildPhase;
			buildActionMask = 2147483647;
			files = (
				0E4A65782B8CE9B700A2A51E /* CommentViewModel.swift in Sources */,
				0ED31EA62B8E089F00CBFA41 /* NotificationViewModel.swift in Sources */,
				0E947D7C2B89098A00B5070C /* PostViewModel.swift in Sources */,
				0E95E2E92B86084100765401 /* ProfileHeaderViewModel.swift in Sources */,
				0E5A3BB72B83F9610099FA4E /* CustomTextField.swift in Sources */,
				0E4A656E2B8C8E5D00A2A51E /* CommentController.swift in Sources */,
				0E947D742B88DCFF00B5070C /* UploadPostController.swift in Sources */,
				0E59ECA52B8528B300A58897 /* ProfileHeader.swift in Sources */,
				0EE8F6392B829C6300E9435C /* ViewController.swift in Sources */,
				0E5A3BB32B83C34D0099FA4E /* LoginController.swift in Sources */,
				0E04EB972B83720300215C70 /* FeedCell.swift in Sources */,
				0E4A65742B8CDE4900A2A51E /* CommentService.swift in Sources */,
				0E4A65762B8CE28100A2A51E /* Comment.swift in Sources */,
				0ED31EA22B8DF5C900CBFA41 /* Notification.swift in Sources */,
				0EE8F6592B829F5D00E9435C /* ImageSelectorController.swift in Sources */,
				0EE8F65B2B829F6C00E9435C /* NotificationController.swift in Sources */,
				0E95E2EB2B861CEB00765401 /* UserCell.swift in Sources */,
				0EE8F6572B829F4D00E9435C /* SearchController.swift in Sources */,
				0EE8F6352B829C6300E9435C /* AppDelegate.swift in Sources */,
				0EA295CF2B84C70B0037EDA2 /* AuthentificationViewModel.swift in Sources */,
				0E95E2E72B86048B00765401 /* User.swift in Sources */,
				0EE8F65D2B829F7700E9435C /* ProfileController.swift in Sources */,
				0E947D762B88E1D500B5070C /* InputTextView.swift in Sources */,
				0E95E2E52B85F71600765401 /* Constants.swift in Sources */,
				0EE8F6552B829F3E00E9435C /* FeedController.swift in Sources */,
				0E95E2ED2B863A1B00765401 /* UserCellViewModel.swift in Sources */,
				0EE8F6532B829DC100E9435C /* MainTabController.swift in Sources */,
				0E04EB992B8378A600215C70 /* Extensions.swift in Sources */,
				0E9E83652B8F698C00B79AD7 /* ResetPasswordContorller.swift in Sources */,
				0E59EC9F2B84FC5100A58897 /* ImageUploader.swift in Sources */,
				0ED31EA42B8DF93500CBFA41 /* NotificationService.swift in Sources */,
				0E947D7A2B89065800B5070C /* Post.swift in Sources */,
				0E59ECA12B84FC6000A58897 /* AuthService.swift in Sources */,
				0E4A65722B8CC8FE00A2A51E /* CommentInputAccesoryView.swift in Sources */,
				0E947D782B88F51A00B5070C /* PostService.swift in Sources */,
				0E95E2E32B85F6B200765401 /* UserService.swift in Sources */,
				0E59ECA32B85289F00A58897 /* ProfileCell.swift in Sources */,
				0EE8F6372B829C6300E9435C /* SceneDelegate.swift in Sources */,
				0ED31EA02B8DE9BA00CBFA41 /* NotificationCell.swift in Sources */,
				0E5A3BB52B83C35F0099FA4E /* RegistrationController.swift in Sources */,
				0E4A65702B8C92BB00A2A51E /* CommentCell.swift in Sources */,
			);
			runOnlyForDeploymentPostprocessing = 0;
		};
/* End PBXSourcesBuildPhase section */

/* Begin PBXVariantGroup section */
		0EE8F63A2B829C6300E9435C /* Main.storyboard */ = {
			isa = PBXVariantGroup;
			children = (
				0EE8F63B2B829C6300E9435C /* Base */,
			);
			name = Main.storyboard;
			sourceTree = "<group>";
		};
		0EE8F63F2B829C6400E9435C /* LaunchScreen.storyboard */ = {
			isa = PBXVariantGroup;
			children = (
				0EE8F6402B829C6400E9435C /* Base */,
			);
			name = LaunchScreen.storyboard;
			sourceTree = "<group>";
		};
/* End PBXVariantGroup section */

/* Begin XCBuildConfiguration section */
		0EE8F6432B829C6400E9435C /* Debug */ = {
			isa = XCBuildConfiguration;
			buildSettings = {
				ALWAYS_SEARCH_USER_PATHS = NO;
				CLANG_ANALYZER_NONNULL = YES;
				CLANG_ANALYZER_NUMBER_OBJECT_CONVERSION = YES_AGGRESSIVE;
				CLANG_CXX_LANGUAGE_STANDARD = "gnu++20";
				CLANG_ENABLE_MODULES = YES;
				CLANG_ENABLE_OBJC_ARC = YES;
				CLANG_ENABLE_OBJC_WEAK = YES;
				CLANG_WARN_BLOCK_CAPTURE_AUTORELEASING = YES;
				CLANG_WARN_BOOL_CONVERSION = YES;
				CLANG_WARN_COMMA = YES;
				CLANG_WARN_CONSTANT_CONVERSION = YES;
				CLANG_WARN_DEPRECATED_OBJC_IMPLEMENTATIONS = YES;
				CLANG_WARN_DIRECT_OBJC_ISA_USAGE = YES_ERROR;
				CLANG_WARN_DOCUMENTATION_COMMENTS = YES;
				CLANG_WARN_EMPTY_BODY = YES;
				CLANG_WARN_ENUM_CONVERSION = YES;
				CLANG_WARN_INFINITE_RECURSION = YES;
				CLANG_WARN_INT_CONVERSION = YES;
				CLANG_WARN_NON_LITERAL_NULL_CONVERSION = YES;
				CLANG_WARN_OBJC_IMPLICIT_RETAIN_SELF = YES;
				CLANG_WARN_OBJC_LITERAL_CONVERSION = YES;
				CLANG_WARN_OBJC_ROOT_CLASS = YES_ERROR;
				CLANG_WARN_QUOTED_INCLUDE_IN_FRAMEWORK_HEADER = YES;
				CLANG_WARN_RANGE_LOOP_ANALYSIS = YES;
				CLANG_WARN_STRICT_PROTOTYPES = YES;
				CLANG_WARN_SUSPICIOUS_MOVE = YES;
				CLANG_WARN_UNGUARDED_AVAILABILITY = YES_AGGRESSIVE;
				CLANG_WARN_UNREACHABLE_CODE = YES;
				CLANG_WARN__DUPLICATE_METHOD_MATCH = YES;
				COPY_PHASE_STRIP = NO;
				DEBUG_INFORMATION_FORMAT = dwarf;
				ENABLE_STRICT_OBJC_MSGSEND = YES;
				ENABLE_TESTABILITY = YES;
				GCC_C_LANGUAGE_STANDARD = gnu11;
				GCC_DYNAMIC_NO_PIC = NO;
				GCC_NO_COMMON_BLOCKS = YES;
				GCC_OPTIMIZATION_LEVEL = 0;
				GCC_PREPROCESSOR_DEFINITIONS = (
					"DEBUG=1",
					"$(inherited)",
				);
				GCC_WARN_64_TO_32_BIT_CONVERSION = YES;
				GCC_WARN_ABOUT_RETURN_TYPE = YES_ERROR;
				GCC_WARN_UNDECLARED_SELECTOR = YES;
				GCC_WARN_UNINITIALIZED_AUTOS = YES_AGGRESSIVE;
				GCC_WARN_UNUSED_FUNCTION = YES;
				GCC_WARN_UNUSED_VARIABLE = YES;
				IPHONEOS_DEPLOYMENT_TARGET = 16.2;
				MTL_ENABLE_DEBUG_INFO = INCLUDE_SOURCE;
				MTL_FAST_MATH = YES;
				ONLY_ACTIVE_ARCH = YES;
				SDKROOT = iphoneos;
				SWIFT_ACTIVE_COMPILATION_CONDITIONS = DEBUG;
				SWIFT_OPTIMIZATION_LEVEL = "-Onone";
			};
			name = Debug;
		};
		0EE8F6442B829C6400E9435C /* Release */ = {
			isa = XCBuildConfiguration;
			buildSettings = {
				ALWAYS_SEARCH_USER_PATHS = NO;
				CLANG_ANALYZER_NONNULL = YES;
				CLANG_ANALYZER_NUMBER_OBJECT_CONVERSION = YES_AGGRESSIVE;
				CLANG_CXX_LANGUAGE_STANDARD = "gnu++20";
				CLANG_ENABLE_MODULES = YES;
				CLANG_ENABLE_OBJC_ARC = YES;
				CLANG_ENABLE_OBJC_WEAK = YES;
				CLANG_WARN_BLOCK_CAPTURE_AUTORELEASING = YES;
				CLANG_WARN_BOOL_CONVERSION = YES;
				CLANG_WARN_COMMA = YES;
				CLANG_WARN_CONSTANT_CONVERSION = YES;
				CLANG_WARN_DEPRECATED_OBJC_IMPLEMENTATIONS = YES;
				CLANG_WARN_DIRECT_OBJC_ISA_USAGE = YES_ERROR;
				CLANG_WARN_DOCUMENTATION_COMMENTS = YES;
				CLANG_WARN_EMPTY_BODY = YES;
				CLANG_WARN_ENUM_CONVERSION = YES;
				CLANG_WARN_INFINITE_RECURSION = YES;
				CLANG_WARN_INT_CONVERSION = YES;
				CLANG_WARN_NON_LITERAL_NULL_CONVERSION = YES;
				CLANG_WARN_OBJC_IMPLICIT_RETAIN_SELF = YES;
				CLANG_WARN_OBJC_LITERAL_CONVERSION = YES;
				CLANG_WARN_OBJC_ROOT_CLASS = YES_ERROR;
				CLANG_WARN_QUOTED_INCLUDE_IN_FRAMEWORK_HEADER = YES;
				CLANG_WARN_RANGE_LOOP_ANALYSIS = YES;
				CLANG_WARN_STRICT_PROTOTYPES = YES;
				CLANG_WARN_SUSPICIOUS_MOVE = YES;
				CLANG_WARN_UNGUARDED_AVAILABILITY = YES_AGGRESSIVE;
				CLANG_WARN_UNREACHABLE_CODE = YES;
				CLANG_WARN__DUPLICATE_METHOD_MATCH = YES;
				COPY_PHASE_STRIP = NO;
				DEBUG_INFORMATION_FORMAT = "dwarf-with-dsym";
				ENABLE_NS_ASSERTIONS = NO;
				ENABLE_STRICT_OBJC_MSGSEND = YES;
				GCC_C_LANGUAGE_STANDARD = gnu11;
				GCC_NO_COMMON_BLOCKS = YES;
				GCC_WARN_64_TO_32_BIT_CONVERSION = YES;
				GCC_WARN_ABOUT_RETURN_TYPE = YES_ERROR;
				GCC_WARN_UNDECLARED_SELECTOR = YES;
				GCC_WARN_UNINITIALIZED_AUTOS = YES_AGGRESSIVE;
				GCC_WARN_UNUSED_FUNCTION = YES;
				GCC_WARN_UNUSED_VARIABLE = YES;
				IPHONEOS_DEPLOYMENT_TARGET = 16.2;
				MTL_ENABLE_DEBUG_INFO = NO;
				MTL_FAST_MATH = YES;
				SDKROOT = iphoneos;
				SWIFT_COMPILATION_MODE = wholemodule;
				SWIFT_OPTIMIZATION_LEVEL = "-O";
				VALIDATE_PRODUCT = YES;
			};
			name = Release;
		};
		0EE8F6462B829C6400E9435C /* Debug */ = {
			isa = XCBuildConfiguration;
			baseConfigurationReference = 8AE335C7FD8F94453CC85C70 /* Pods-Instagram.debug.xcconfig */;
			buildSettings = {
				ASSETCATALOG_COMPILER_APPICON_NAME = AppIcon;
				ASSETCATALOG_COMPILER_GLOBAL_ACCENT_COLOR_NAME = AccentColor;
				CODE_SIGN_STYLE = Automatic;
				CURRENT_PROJECT_VERSION = 1;
				DEVELOPMENT_TEAM = 5ZQD66TR3H;
				GENERATE_INFOPLIST_FILE = YES;
				INFOPLIST_FILE = Instagram/Info.plist;
				INFOPLIST_KEY_UIApplicationSupportsIndirectInputEvents = YES;
				INFOPLIST_KEY_UILaunchStoryboardName = LaunchScreen;
				INFOPLIST_KEY_UIMainStoryboardFile = Main;
				INFOPLIST_KEY_UISupportedInterfaceOrientations_iPad = "UIInterfaceOrientationPortrait UIInterfaceOrientationPortraitUpsideDown UIInterfaceOrientationLandscapeLeft UIInterfaceOrientationLandscapeRight";
				INFOPLIST_KEY_UISupportedInterfaceOrientations_iPhone = "UIInterfaceOrientationPortrait UIInterfaceOrientationLandscapeLeft UIInterfaceOrientationLandscapeRight";
				LD_RUNPATH_SEARCH_PATHS = (
					"$(inherited)",
					"@executable_path/Frameworks",
				);
				MARKETING_VERSION = 1.0;
				PRODUCT_BUNDLE_IDENTIFIER = "Dan-Hozan.Instagram";
				PRODUCT_NAME = "$(TARGET_NAME)";
				SWIFT_EMIT_LOC_STRINGS = YES;
				SWIFT_VERSION = 5.0;
				TARGETED_DEVICE_FAMILY = "1,2";
			};
			name = Debug;
		};
		0EE8F6472B829C6400E9435C /* Release */ = {
			isa = XCBuildConfiguration;
			baseConfigurationReference = 025F5C159791DF788861BC5D /* Pods-Instagram.release.xcconfig */;
			buildSettings = {
				ASSETCATALOG_COMPILER_APPICON_NAME = AppIcon;
				ASSETCATALOG_COMPILER_GLOBAL_ACCENT_COLOR_NAME = AccentColor;
				CODE_SIGN_STYLE = Automatic;
				CURRENT_PROJECT_VERSION = 1;
				DEVELOPMENT_TEAM = 5ZQD66TR3H;
				GENERATE_INFOPLIST_FILE = YES;
				INFOPLIST_FILE = Instagram/Info.plist;
				INFOPLIST_KEY_UIApplicationSupportsIndirectInputEvents = YES;
				INFOPLIST_KEY_UILaunchStoryboardName = LaunchScreen;
				INFOPLIST_KEY_UIMainStoryboardFile = Main;
				INFOPLIST_KEY_UISupportedInterfaceOrientations_iPad = "UIInterfaceOrientationPortrait UIInterfaceOrientationPortraitUpsideDown UIInterfaceOrientationLandscapeLeft UIInterfaceOrientationLandscapeRight";
				INFOPLIST_KEY_UISupportedInterfaceOrientations_iPhone = "UIInterfaceOrientationPortrait UIInterfaceOrientationLandscapeLeft UIInterfaceOrientationLandscapeRight";
				LD_RUNPATH_SEARCH_PATHS = (
					"$(inherited)",
					"@executable_path/Frameworks",
				);
				MARKETING_VERSION = 1.0;
				PRODUCT_BUNDLE_IDENTIFIER = "Dan-Hozan.Instagram";
				PRODUCT_NAME = "$(TARGET_NAME)";
				SWIFT_EMIT_LOC_STRINGS = YES;
				SWIFT_VERSION = 5.0;
				TARGETED_DEVICE_FAMILY = "1,2";
			};
			name = Release;
		};
/* End XCBuildConfiguration section */

/* Begin XCConfigurationList section */
		0EE8F62C2B829C6300E9435C /* Build configuration list for PBXProject "Instagram" */ = {
			isa = XCConfigurationList;
			buildConfigurations = (
				0EE8F6432B829C6400E9435C /* Debug */,
				0EE8F6442B829C6400E9435C /* Release */,
			);
			defaultConfigurationIsVisible = 0;
			defaultConfigurationName = Release;
		};
		0EE8F6452B829C6400E9435C /* Build configuration list for PBXNativeTarget "Instagram" */ = {
			isa = XCConfigurationList;
			buildConfigurations = (
				0EE8F6462B829C6400E9435C /* Debug */,
				0EE8F6472B829C6400E9435C /* Release */,
			);
			defaultConfigurationIsVisible = 0;
			defaultConfigurationName = Release;
		};
/* End XCConfigurationList section */
	};
	rootObject = 0EE8F6292B829C6300E9435C /* Project object */;
}
